{
    "name": "crimzen",
    "version": "3.6.0",
    "lockfileVersion": 3,
    "requires": true,
    "packages": {
        "": {
            "name": "crimzen",
            "version": "3.6.0",
            "license": "MIT",
            "engines": {
                "vscode": "^1.107.1"
            }
        }
    }
}
